// !$*UTF8*$!
{
	archiveVersion = 1;
	classes = {
	};
	objectVersion = 46;
	objects = {

/* Begin PBXBuildFile section */
		9619A25D1CBDE8FF009501A0 /* AppDelegate.swift in Sources */ = {isa = PBXBuildFile; fileRef = 9619A25C1CBDE8FF009501A0 /* AppDelegate.swift */; };
		9619A25F1CBDE8FF009501A0 /* Assets.xcassets in Resources */ = {isa = PBXBuildFile; fileRef = 9619A25E1CBDE8FF009501A0 /* Assets.xcassets */; };
		9619A2621CBDE8FF009501A0 /* MainMenu.xib in Resources */ = {isa = PBXBuildFile; fileRef = 9619A2601CBDE8FF009501A0 /* MainMenu.xib */; };
		9619A26B1CBDE924009501A0 /* MainWindowController.swift in Sources */ = {isa = PBXBuildFile; fileRef = 9619A2691CBDE924009501A0 /* MainWindowController.swift */; };
		9619A26C1CBDE924009501A0 /* MainWindowController.xib in Resources */ = {isa = PBXBuildFile; fileRef = 9619A26A1CBDE924009501A0 /* MainWindowController.xib */; };
		9619A2711CBDEA26009501A0 /* Preferences.storyboard in Resources */ = {isa = PBXBuildFile; fileRef = 9619A2701CBDEA26009501A0 /* Preferences.storyboard */; };
		9619A2731CBDEA76009501A0 /* PreferencesWindowController.swift in Sources */ = {isa = PBXBuildFile; fileRef = 9619A2721CBDEA76009501A0 /* PreferencesWindowController.swift */; };
		9619A2751CBDEE16009501A0 /* PreferencesViewController.swift in Sources */ = {isa = PBXBuildFile; fileRef = 9619A2741CBDEE16009501A0 /* PreferencesViewController.swift */; };
		9619A2771CBDF791009501A0 /* SizeArchiver.swift in Sources */ = {isa = PBXBuildFile; fileRef = 9619A2761CBDF791009501A0 /* SizeArchiver.swift */; };
/* End PBXBuildFile section */

/* Begin PBXFileReference section */
		9619A2591CBDE8FF009501A0 /* PreferencesDemo.app */ = {isa = PBXFileReference; explicitFileType = wrapper.application; includeInIndex = 0; path = PreferencesDemo.app; sourceTree = BUILT_PRODUCTS_DIR; };
		9619A25C1CBDE8FF009501A0 /* AppDelegate.swift */ = {isa = PBXFileReference; lastKnownFileType = sourcecode.swift; path = AppDelegate.swift; sourceTree = "<group>"; };
		9619A25E1CBDE8FF009501A0 /* Assets.xcassets */ = {isa = PBXFileReference; lastKnownFileType = folder.assetcatalog; path = Assets.xcassets; sourceTree = "<group>"; };
		9619A2611CBDE8FF009501A0 /* Base */ = {isa = PBXFileReference; lastKnownFileType = file.xib; name = Base; path = Base.lproj/MainMenu.xib; sourceTree = "<group>"; };
		9619A2631CBDE8FF009501A0 /* Info.plist */ = {isa = PBXFileReference; lastKnownFileType = text.plist.xml; path = Info.plist; sourceTree = "<group>"; };
		9619A2691CBDE924009501A0 /* MainWindowController.swift */ = {isa = PBXFileReference; fileEncoding = 4; lastKnownFileType = sourcecode.swift; path = MainWindowController.swift; sourceTree = "<group>"; };
		9619A26A1CBDE924009501A0 /* MainWindowController.xib */ = {isa = PBXFileReference; fileEncoding = 4; lastKnownFileType = file.xib; path = MainWindowController.xib; sourceTree = "<group>"; };
		9619A2701CBDEA26009501A0 /* Preferences.storyboard */ = {isa = PBXFileReference; fileEncoding = 4; lastKnownFileType = file.storyboard; name = Preferences.storyboard; path = Preferences/Preferences.storyboard; sourceTree = "<group>"; };
		9619A2721CBDEA76009501A0 /* PreferencesWindowController.swift */ = {isa = PBXFileReference; fileEncoding = 4; lastKnownFileType = sourcecode.swift; name = PreferencesWindowController.swift; path = Preferences/PreferencesWindowController.swift; sourceTree = "<group>"; };
		9619A2741CBDEE16009501A0 /* PreferencesViewController.swift */ = {isa = PBXFileReference; fileEncoding = 4; lastKnownFileType = sourcecode.swift; name = PreferencesViewController.swift; path = Preferences/PreferencesViewController.swift; sourceTree = "<group>"; };
		9619A2761CBDF791009501A0 /* SizeArchiver.swift */ = {isa = PBXFileReference; fileEncoding = 4; lastKnownFileType = sourcecode.swift; name = SizeArchiver.swift; path = Preferences/SizeArchiver.swift; sourceTree = "<group>"; };
/* End PBXFileReference section */

/* Begin PBXFrameworksBuildPhase section */
		9619A2561CBDE8FF009501A0 /* Frameworks */ = {
			isa = PBXFrameworksBuildPhase;
			buildActionMask = 2147483647;
			files = (
			);
			runOnlyForDeploymentPostprocessing = 0;
		};
/* End PBXFrameworksBuildPhase section */

/* Begin PBXGroup section */
		9619A2501CBDE8FF009501A0 = {
			isa = PBXGroup;
			children = (
				9619A25B1CBDE8FF009501A0 /* PreferencesDemo */,
				9619A25A1CBDE8FF009501A0 /* Products */,
			);
			sourceTree = "<group>";
		};
		9619A25A1CBDE8FF009501A0 /* Products */ = {
			isa = PBXGroup;
			children = (
				9619A2591CBDE8FF009501A0 /* PreferencesDemo.app */,
			);
			name = Products;
			sourceTree = "<group>";
		};
		9619A25B1CBDE8FF009501A0 /* PreferencesDemo */ = {
			isa = PBXGroup;
			children = (
				9619A25C1CBDE8FF009501A0 /* AppDelegate.swift */,
				9619A25E1CBDE8FF009501A0 /* Assets.xcassets */,
				9619A2601CBDE8FF009501A0 /* MainMenu.xib */,
				9619A2631CBDE8FF009501A0 /* Info.plist */,
				9619A2691CBDE924009501A0 /* MainWindowController.swift */,
				9619A26A1CBDE924009501A0 /* MainWindowController.xib */,
				9619A26D1CBDE9F4009501A0 /* Preferences */,
			);
			path = PreferencesDemo;
			sourceTree = "<group>";
		};
		9619A26D1CBDE9F4009501A0 /* Preferences */ = {
			isa = PBXGroup;
			children = (
				9619A2761CBDF791009501A0 /* SizeArchiver.swift */,
				9619A2701CBDEA26009501A0 /* Preferences.storyboard */,
				9619A2721CBDEA76009501A0 /* PreferencesWindowController.swift */,
				9619A2741CBDEE16009501A0 /* PreferencesViewController.swift */,
				9619A26E1CBDE9FD009501A0 /* General */,
				9619A26F1CBDEA02009501A0 /* Options */,
			);
			name = Preferences;
			sourceTree = "<group>";
		};
		9619A26E1CBDE9FD009501A0 /* General */ = {
			isa = PBXGroup;
			children = (
			);
			name = General;
			sourceTree = "<group>";
		};
		9619A26F1CBDEA02009501A0 /* Options */ = {
			isa = PBXGroup;
			children = (
			);
			name = Options;
			sourceTree = "<group>";
		};
/* End PBXGroup section */

/* Begin PBXNativeTarget section */
		9619A2581CBDE8FF009501A0 /* PreferencesDemo */ = {
			isa = PBXNativeTarget;
			buildConfigurationList = 9619A2661CBDE8FF009501A0 /* Build configuration list for PBXNativeTarget "PreferencesDemo" */;
			buildPhases = (
				9619A2551CBDE8FF009501A0 /* Sources */,
				9619A2561CBDE8FF009501A0 /* Frameworks */,
				9619A2571CBDE8FF009501A0 /* Resources */,
			);
			buildRules = (
			);
			dependencies = (
			);
			name = PreferencesDemo;
			productName = PreferencesDemo;
			productReference = 9619A2591CBDE8FF009501A0 /* PreferencesDemo.app */;
			productType = "com.apple.product-type.application";
		};
/* End PBXNativeTarget section */

/* Begin PBXProject section */
		9619A2511CBDE8FF009501A0 /* Project object */ = {
			isa = PBXProject;
			attributes = {
				LastSwiftUpdateCheck = 0730;
				LastUpgradeCheck = 0730;
				ORGANIZATIONNAME = "Jason Zheng";
				TargetAttributes = {
					9619A2581CBDE8FF009501A0 = {
						CreatedOnToolsVersion = 7.3;
					};
				};
			};
			buildConfigurationList = 9619A2541CBDE8FF009501A0 /* Build configuration list for PBXProject "PreferencesDemo" */;
			compatibilityVersion = "Xcode 3.2";
			developmentRegion = English;
			hasScannedForEncodings = 0;
			knownRegions = (
				en,
				Base,
			);
			mainGroup = 9619A2501CBDE8FF009501A0;
			productRefGroup = 9619A25A1CBDE8FF009501A0 /* Products */;
			projectDirPath = "";
			projectRoot = "";
			targets = (
				9619A2581CBDE8FF009501A0 /* PreferencesDemo */,
			);
		};
/* End PBXProject section */

/* Begin PBXResourcesBuildPhase section */
		9619A2571CBDE8FF009501A0 /* Resources */ = {
			isa = PBXResourcesBuildPhase;
			buildActionMask = 2147483647;
			files = (
				9619A25F1CBDE8FF009501A0 /* Assets.xcassets in Resources */,
				9619A26C1CBDE924009501A0 /* MainWindowController.xib in Resources */,
				9619A2621CBDE8FF009501A0 /* MainMenu.xib in Resources */,
				9619A2711CBDEA26009501A0 /* Preferences.storyboard in Resources */,
			);
			runOnlyForDeploymentPostprocessing = 0;
		};
/* End PBXResourcesBuildPhase section */

/* Begin PBXSourcesBuildPhase section */
		9619A2551CBDE8FF009501A0 /* Sources */ = {
			isa = PBXSourcesBuildPhase;
			buildActionMask = 2147483647;
			files = (
				9619A2731CBDEA76009501A0 /* PreferencesWindowController.swift in Sources */,
				9619A2771CBDF791009501A0 /* SizeArchiver.swift in Sources */,
				9619A26B1CBDE924009501A0 /* MainWindowController.swift in Sources */,
				9619A25D1CBDE8FF009501A0 /* AppDelegate.swift in Sources */,
				9619A2751CBDEE16009501A0 /* PreferencesViewController.swift in Sources */,
			);
			runOnlyForDeploymentPostprocessing = 0;
		};
/* End PBXSourcesBuildPhase section */

/* Begin PBXVariantGroup section */
		9619A2601CBDE8FF009501A0 /* MainMenu.xib */ = {
			isa = PBXVariantGroup;
			children = (
				9619A2611CBDE8FF009501A0 /* Base */,
			);
			name = MainMenu.xib;
			sourceTree = "<group>";
		};
/* End PBXVariantGroup section */

/* Begin XCBuildConfiguration section */
		9619A2641CBDE8FF009501A0 /* Debug */ = {
			isa = XCBuildConfiguration;
			buildSettings = {
				ALWAYS_SEARCH_USER_PATHS = NO;
				CLANG_ANALYZER_NONNULL = YES;
				CLANG_CXX_LANGUAGE_STANDARD = "gnu++0x";
				CLANG_CXX_LIBRARY = "libc++";
				CLANG_ENABLE_MODULES = YES;
				CLANG_ENABLE_OBJC_ARC = YES;
				CLANG_WARN_BOOL_CONVERSION = YES;
				CLANG_WARN_CONSTANT_CONVERSION = YES;
				CLANG_WARN_DIRECT_OBJC_ISA_USAGE = YES_ERROR;
				CLANG_WARN_EMPTY_BODY = YES;
				CLANG_WARN_ENUM_CONVERSION = YES;
				CLANG_WARN_INT_CONVERSION = YES;
				CLANG_WARN_OBJC_ROOT_CLASS = YES_ERROR;
				CLANG_WARN_UNREACHABLE_CODE = YES;
				CLANG_WARN__DUPLICATE_METHOD_MATCH = YES;
				CODE_SIGN_IDENTITY = "-";
				COPY_PHASE_STRIP = NO;
				DEBUG_INFORMATION_FORMAT = dwarf;
				ENABLE_STRICT_OBJC_MSGSEND = YES;
				ENABLE_TESTABILITY = YES;
				GCC_C_LANGUAGE_STANDARD = gnu99;
				GCC_DYNAMIC_NO_PIC = NO;
				GCC_NO_COMMON_BLOCKS = YES;
				GCC_OPTIMIZATION_LEVEL = 0;
				GCC_PREPROCESSOR_DEFINITIONS = (
					"DEBUG=1",
					"$(inherited)",
				);
				GCC_WARN_64_TO_32_BIT_CONVERSION = YES;
				GCC_WARN_ABOUT_RETURN_TYPE = YES_ERROR;
				GCC_WARN_UNDECLARED_SELECTOR = YES;
				GCC_WARN_UNINITIALIZED_AUTOS = YES_AGGRESSIVE;
				GCC_WARN_UNUSED_FUNCTION = YES;
				GCC_WARN_UNUSED_VARIABLE = YES;
				MACOSX_DEPLOYMENT_TARGET = 10.11;
				MTL_ENABLE_DEBUG_INFO = YES;
				ONLY_ACTIVE_ARCH = YES;
				SDKROOT = macosx;
				SWIFT_OPTIMIZATION_LEVEL = "-Onone";
			};
			name = Debug;
		};
		9619A2651CBDE8FF009501A0 /* Release */ = {
			isa = XCBuildConfiguration;
			buildSettings = {
				ALWAYS_SEARCH_USER_PATHS = NO;
				CLANG_ANALYZER_NONNULL = YES;
				CLANG_CXX_LANGUAGE_STANDARD = "gnu++0x";
				CLANG_CXX_LIBRARY = "libc++";
				CLANG_ENABLE_MODULES = YES;
				CLANG_ENABLE_OBJC_ARC = YES;
				CLANG_WARN_BOOL_CONVERSION = YES;
				CLANG_WARN_CONSTANT_CONVERSION = YES;
				CLANG_WARN_DIRECT_OBJC_ISA_USAGE = YES_ERROR;
				CLANG_WARN_EMPTY_BODY = YES;
				CLANG_WARN_ENUM_CONVERSION = YES;
				CLANG_WARN_INT_CONVERSION = YES;
				CLANG_WARN_OBJC_ROOT_CLASS = YES_ERROR;
				CLANG_WARN_UNREACHABLE_CODE = YES;
				CLANG_WARN__DUPLICATE_METHOD_MATCH = YES;
				CODE_SIGN_IDENTITY = "-";
				COPY_PHASE_STRIP = NO;
				DEBUG_INFORMATION_FORMAT = "dwarf-with-dsym";
				ENABLE_NS_ASSERTIONS = NO;
				ENABLE_STRICT_OBJC_MSGSEND = YES;
				GCC_C_LANGUAGE_STANDARD = gnu99;
				GCC_NO_COMMON_BLOCKS = YES;
				GCC_WARN_64_TO_32_BIT_CONVERSION = YES;
				GCC_WARN_ABOUT_RETURN_TYPE = YES_ERROR;
				GCC_WARN_UNDECLARED_SELECTOR = YES;
				GCC_WARN_UNINITIALIZED_AUTOS = YES_AGGRESSIVE;
				GCC_WARN_UNUSED_FUNCTION = YES;
				GCC_WARN_UNUSED_VARIABLE = YES;
				MACOSX_DEPLOYMENT_TARGET = 10.11;
				MTL_ENABLE_DEBUG_INFO = NO;
				SDKROOT = macosx;
			};
			name = Release;
		};
		9619A2671CBDE8FF009501A0 /* Debug */ = {
			isa = XCBuildConfiguration;
			buildSettings = {
				ASSETCATALOG_COMPILER_APPICON_NAME = AppIcon;
				COMBINE_HIDPI_IMAGES = YES;
				INFOPLIST_FILE = PreferencesDemo/Info.plist;
				LD_RUNPATH_SEARCH_PATHS = "$(inherited) @executable_path/../Frameworks";
				PRODUCT_BUNDLE_IDENTIFIER = com.atjason.swift.cocoa.PreferencesDemo;
				PRODUCT_NAME = "$(TARGET_NAME)";
			};
			name = Debug;
		};
		9619A2681CBDE8FF009501A0 /* Release */ = {
			isa = XCBuildConfiguration;
			buildSettings = {
				ASSETCATALOG_COMPILER_APPICON_NAME = AppIcon;
				COMBINE_HIDPI_IMAGES = YES;
				INFOPLIST_FILE = PreferencesDemo/Info.plist;
				LD_RUNPATH_SEARCH_PATHS = "$(inherited) @executable_path/../Frameworks";
				PRODUCT_BUNDLE_IDENTIFIER = com.atjason.swift.cocoa.PreferencesDemo;
				PRODUCT_NAME = "$(TARGET_NAME)";
			};
			name = Release;
		};
/* End XCBuildConfiguration section */

/* Begin XCConfigurationList section */
		9619A2541CBDE8FF009501A0 /* Build configuration list for PBXProject "PreferencesDemo" */ = {
			isa = XCConfigurationList;
			buildConfigurations = (
				9619A2641CBDE8FF009501A0 /* Debug */,
				9619A2651CBDE8FF009501A0 /* Release */,
			);
			defaultConfigurationIsVisible = 0;
			defaultConfigurationName = Release;
		};
		9619A2661CBDE8FF009501A0 /* Build configuration list for PBXNativeTarget "PreferencesDemo" */ = {
			isa = XCConfigurationList;
			buildConfigurations = (
				9619A2671CBDE8FF009501A0 /* Debug */,
				9619A2681CBDE8FF009501A0 /* Release */,
			);
			defaultConfigurationIsVisible = 0;
		};
/* End XCConfigurationList section */
	};
	rootObject = 9619A2511CBDE8FF009501A0 /* Project object */;
}
