// !$*UTF8*$!
{
	archiveVersion = 1;
	classes = {
	};
	objectVersion = 46;
	objects = {

/* Begin PBXBuildFile section */
		96093E721CBF914500184619 /* AppDelegate.swift in Sources */ = {isa = PBXBuildFile; fileRef = 96093E711CBF914500184619 /* AppDelegate.swift */; };
		96093E741CBF914500184619 /* Assets.xcassets in Resources */ = {isa = PBXBuildFile; fileRef = 96093E731CBF914500184619 /* Assets.xcassets */; };
		96093E771CBF914500184619 /* MainMenu.xib in Resources */ = {isa = PBXBuildFile; fileRef = 96093E751CBF914500184619 /* MainMenu.xib */; };
		96093E801CBF915D00184619 /* MainWindowController.swift in Sources */ = {isa = PBXBuildFile; fileRef = 96093E7E1CBF915D00184619 /* MainWindowController.swift */; };
		96093E811CBF915D00184619 /* MainWindowController.xib in Resources */ = {isa = PBXBuildFile; fileRef = 96093E7F1CBF915D00184619 /* MainWindowController.xib */; };
		96093E8A1CBF92AB00184619 /* AppDelegate.m in Sources */ = {isa = PBXBuildFile; fileRef = 96093E891CBF92AB00184619 /* AppDelegate.m */; };
		96093E8D1CBF92AB00184619 /* main.m in Sources */ = {isa = PBXBuildFile; fileRef = 96093E8C1CBF92AB00184619 /* main.m */; };
		96093E8F1CBF92AB00184619 /* Assets.xcassets in Resources */ = {isa = PBXBuildFile; fileRef = 96093E8E1CBF92AB00184619 /* Assets.xcassets */; };
		96093E921CBF92AB00184619 /* MainMenu.xib in Resources */ = {isa = PBXBuildFile; fileRef = 96093E901CBF92AB00184619 /* MainMenu.xib */; };
		96093E9A1CBF93B600184619 /* AutoLaunchHelper.app in CopyFiles */ = {isa = PBXBuildFile; fileRef = 96093E861CBF92AB00184619 /* AutoLaunchHelper.app */; settings = {ATTRIBUTES = (RemoveHeadersOnCopy, ); }; };
/* End PBXBuildFile section */

/* Begin PBXCopyFilesBuildPhase section */
		96093E991CBF93AE00184619 /* CopyFiles */ = {
			isa = PBXCopyFilesBuildPhase;
			buildActionMask = 2147483647;
			dstPath = Contents/Library/LoginItems;
			dstSubfolderSpec = 1;
			files = (
				96093E9A1CBF93B600184619 /* AutoLaunchHelper.app in CopyFiles */,
			);
			runOnlyForDeploymentPostprocessing = 0;
		};
/* End PBXCopyFilesBuildPhase section */

/* Begin PBXFileReference section */
		96093E6E1CBF914500184619 /* AutoLaunch.app */ = {isa = PBXFileReference; explicitFileType = wrapper.application; includeInIndex = 0; path = AutoLaunch.app; sourceTree = BUILT_PRODUCTS_DIR; };
		96093E711CBF914500184619 /* AppDelegate.swift */ = {isa = PBXFileReference; lastKnownFileType = sourcecode.swift; path = AppDelegate.swift; sourceTree = "<group>"; };
		96093E731CBF914500184619 /* Assets.xcassets */ = {isa = PBXFileReference; lastKnownFileType = folder.assetcatalog; path = Assets.xcassets; sourceTree = "<group>"; };
		96093E761CBF914500184619 /* Base */ = {isa = PBXFileReference; lastKnownFileType = file.xib; name = Base; path = Base.lproj/MainMenu.xib; sourceTree = "<group>"; };
		96093E781CBF914500184619 /* Info.plist */ = {isa = PBXFileReference; lastKnownFileType = text.plist.xml; path = Info.plist; sourceTree = "<group>"; };
		96093E7E1CBF915D00184619 /* MainWindowController.swift */ = {isa = PBXFileReference; fileEncoding = 4; lastKnownFileType = sourcecode.swift; path = MainWindowController.swift; sourceTree = "<group>"; };
		96093E7F1CBF915D00184619 /* MainWindowController.xib */ = {isa = PBXFileReference; fileEncoding = 4; lastKnownFileType = file.xib; path = MainWindowController.xib; sourceTree = "<group>"; };
		96093E861CBF92AB00184619 /* AutoLaunchHelper.app */ = {isa = PBXFileReference; explicitFileType = wrapper.application; includeInIndex = 0; path = AutoLaunchHelper.app; sourceTree = BUILT_PRODUCTS_DIR; };
		96093E881CBF92AB00184619 /* AppDelegate.h */ = {isa = PBXFileReference; lastKnownFileType = sourcecode.c.h; path = AppDelegate.h; sourceTree = "<group>"; };
		96093E891CBF92AB00184619 /* AppDelegate.m */ = {isa = PBXFileReference; lastKnownFileType = sourcecode.c.objc; path = AppDelegate.m; sourceTree = "<group>"; };
		96093E8C1CBF92AB00184619 /* main.m */ = {isa = PBXFileReference; lastKnownFileType = sourcecode.c.objc; path = main.m; sourceTree = "<group>"; };
		96093E8E1CBF92AB00184619 /* Assets.xcassets */ = {isa = PBXFileReference; lastKnownFileType = folder.assetcatalog; path = Assets.xcassets; sourceTree = "<group>"; };
		96093E911CBF92AB00184619 /* Base */ = {isa = PBXFileReference; lastKnownFileType = file.xib; name = Base; path = Base.lproj/MainMenu.xib; sourceTree = "<group>"; };
		96093E931CBF92AB00184619 /* Info.plist */ = {isa = PBXFileReference; lastKnownFileType = text.plist.xml; path = Info.plist; sourceTree = "<group>"; };
/* End PBXFileReference section */

/* Begin PBXFrameworksBuildPhase section */
		96093E6B1CBF914500184619 /* Frameworks */ = {
			isa = PBXFrameworksBuildPhase;
			buildActionMask = 2147483647;
			files = (
			);
			runOnlyForDeploymentPostprocessing = 0;
		};
		96093E831CBF92AB00184619 /* Frameworks */ = {
			isa = PBXFrameworksBuildPhase;
			buildActionMask = 2147483647;
			files = (
			);
			runOnlyForDeploymentPostprocessing = 0;
		};
/* End PBXFrameworksBuildPhase section */

/* Begin PBXGroup section */
		96093E651CBF914500184619 = {
			isa = PBXGroup;
			children = (
				96093E701CBF914500184619 /* AutoLaunch */,
				96093E871CBF92AB00184619 /* AutoLaunchHelper */,
				96093E6F1CBF914500184619 /* Products */,
			);
			sourceTree = "<group>";
		};
		96093E6F1CBF914500184619 /* Products */ = {
			isa = PBXGroup;
			children = (
				96093E6E1CBF914500184619 /* AutoLaunch.app */,
				96093E861CBF92AB00184619 /* AutoLaunchHelper.app */,
			);
			name = Products;
			sourceTree = "<group>";
		};
		96093E701CBF914500184619 /* AutoLaunch */ = {
			isa = PBXGroup;
			children = (
				96093E711CBF914500184619 /* AppDelegate.swift */,
				96093E731CBF914500184619 /* Assets.xcassets */,
				96093E751CBF914500184619 /* MainMenu.xib */,
				96093E781CBF914500184619 /* Info.plist */,
				96093E7E1CBF915D00184619 /* MainWindowController.swift */,
				96093E7F1CBF915D00184619 /* MainWindowController.xib */,
			);
			path = AutoLaunch;
			sourceTree = "<group>";
		};
		96093E871CBF92AB00184619 /* AutoLaunchHelper */ = {
			isa = PBXGroup;
			children = (
				96093E881CBF92AB00184619 /* AppDelegate.h */,
				96093E891CBF92AB00184619 /* AppDelegate.m */,
				96093E8E1CBF92AB00184619 /* Assets.xcassets */,
				96093E901CBF92AB00184619 /* MainMenu.xib */,
				96093E931CBF92AB00184619 /* Info.plist */,
				96093E8B1CBF92AB00184619 /* Supporting Files */,
			);
			path = AutoLaunchHelper;
			sourceTree = "<group>";
		};
		96093E8B1CBF92AB00184619 /* Supporting Files */ = {
			isa = PBXGroup;
			children = (
				96093E8C1CBF92AB00184619 /* main.m */,
			);
			name = "Supporting Files";
			sourceTree = "<group>";
		};
/* End PBXGroup section */

/* Begin PBXNativeTarget section */
		96093E6D1CBF914500184619 /* AutoLaunch */ = {
			isa = PBXNativeTarget;
			buildConfigurationList = 96093E7B1CBF914500184619 /* Build configuration list for PBXNativeTarget "AutoLaunch" */;
			buildPhases = (
				96093E6A1CBF914500184619 /* Sources */,
				96093E6B1CBF914500184619 /* Frameworks */,
				96093E6C1CBF914500184619 /* Resources */,
				96093E991CBF93AE00184619 /* CopyFiles */,
			);
			buildRules = (
			);
			dependencies = (
			);
			name = AutoLaunch;
			productName = AutoLaunch;
			productReference = 96093E6E1CBF914500184619 /* AutoLaunch.app */;
			productType = "com.apple.product-type.application";
		};
		96093E851CBF92AB00184619 /* AutoLaunchHelper */ = {
			isa = PBXNativeTarget;
			buildConfigurationList = 96093E941CBF92AB00184619 /* Build configuration list for PBXNativeTarget "AutoLaunchHelper" */;
			buildPhases = (
				96093E821CBF92AB00184619 /* Sources */,
				96093E831CBF92AB00184619 /* Frameworks */,
				96093E841CBF92AB00184619 /* Resources */,
			);
			buildRules = (
			);
			dependencies = (
			);
			name = AutoLaunchHelper;
			productName = AutoLaunchHelper;
			productReference = 96093E861CBF92AB00184619 /* AutoLaunchHelper.app */;
			productType = "com.apple.product-type.application";
		};
/* End PBXNativeTarget section */

/* Begin PBXProject section */
		96093E661CBF914500184619 /* Project object */ = {
			isa = PBXProject;
			attributes = {
				LastSwiftUpdateCheck = 0730;
				LastUpgradeCheck = 0730;
				ORGANIZATIONNAME = "Jason Zheng";
				TargetAttributes = {
					96093E6D1CBF914500184619 = {
						CreatedOnToolsVersion = 7.3;
					};
					96093E851CBF92AB00184619 = {
						CreatedOnToolsVersion = 7.3;
					};
				};
			};
			buildConfigurationList = 96093E691CBF914500184619 /* Build configuration list for PBXProject "AutoLaunch" */;
			compatibilityVersion = "Xcode 3.2";
			developmentRegion = English;
			hasScannedForEncodings = 0;
			knownRegions = (
				en,
				Base,
			);
			mainGroup = 96093E651CBF914500184619;
			productRefGroup = 96093E6F1CBF914500184619 /* Products */;
			projectDirPath = "";
			projectRoot = "";
			targets = (
				96093E6D1CBF914500184619 /* AutoLaunch */,
				96093E851CBF92AB00184619 /* AutoLaunchHelper */,
			);
		};
/* End PBXProject section */

/* Begin PBXResourcesBuildPhase section */
		96093E6C1CBF914500184619 /* Resources */ = {
			isa = PBXResourcesBuildPhase;
			buildActionMask = 2147483647;
			files = (
				96093E741CBF914500184619 /* Assets.xcassets in Resources */,
				96093E811CBF915D00184619 /* MainWindowController.xib in Resources */,
				96093E771CBF914500184619 /* MainMenu.xib in Resources */,
			);
			runOnlyForDeploymentPostprocessing = 0;
		};
		96093E841CBF92AB00184619 /* Resources */ = {
			isa = PBXResourcesBuildPhase;
			buildActionMask = 2147483647;
			files = (
				96093E8F1CBF92AB00184619 /* Assets.xcassets in Resources */,
				96093E921CBF92AB00184619 /* MainMenu.xib in Resources */,
			);
			runOnlyForDeploymentPostprocessing = 0;
		};
/* End PBXResourcesBuildPhase section */

/* Begin PBXSourcesBuildPhase section */
		96093E6A1CBF914500184619 /* Sources */ = {
			isa = PBXSourcesBuildPhase;
			buildActionMask = 2147483647;
			files = (
				96093E801CBF915D00184619 /* MainWindowController.swift in Sources */,
				96093E721CBF914500184619 /* AppDelegate.swift in Sources */,
			);
			runOnlyForDeploymentPostprocessing = 0;
		};
		96093E821CBF92AB00184619 /* Sources */ = {
			isa = PBXSourcesBuildPhase;
			buildActionMask = 2147483647;
			files = (
				96093E8D1CBF92AB00184619 /* main.m in Sources */,
				96093E8A1CBF92AB00184619 /* AppDelegate.m in Sources */,
			);
			runOnlyForDeploymentPostprocessing = 0;
		};
/* End PBXSourcesBuildPhase section */

/* Begin PBXVariantGroup section */
		96093E751CBF914500184619 /* MainMenu.xib */ = {
			isa = PBXVariantGroup;
			children = (
				96093E761CBF914500184619 /* Base */,
			);
			name = MainMenu.xib;
			sourceTree = "<group>";
		};
		96093E901CBF92AB00184619 /* MainMenu.xib */ = {
			isa = PBXVariantGroup;
			children = (
				96093E911CBF92AB00184619 /* Base */,
			);
			name = MainMenu.xib;
			sourceTree = "<group>";
		};
/* End PBXVariantGroup section */

/* Begin XCBuildConfiguration section */
		96093E791CBF914500184619 /* Debug */ = {
			isa = XCBuildConfiguration;
			buildSettings = {
				ALWAYS_SEARCH_USER_PATHS = NO;
				CLANG_ANALYZER_NONNULL = YES;
				CLANG_CXX_LANGUAGE_STANDARD = "gnu++0x";
				CLANG_CXX_LIBRARY = "libc++";
				CLANG_ENABLE_MODULES = YES;
				CLANG_ENABLE_OBJC_ARC = YES;
				CLANG_WARN_BOOL_CONVERSION = YES;
				CLANG_WARN_CONSTANT_CONVERSION = YES;
				CLANG_WARN_DIRECT_OBJC_ISA_USAGE = YES_ERROR;
				CLANG_WARN_EMPTY_BODY = YES;
				CLANG_WARN_ENUM_CONVERSION = YES;
				CLANG_WARN_INT_CONVERSION = YES;
				CLANG_WARN_OBJC_ROOT_CLASS = YES_ERROR;
				CLANG_WARN_UNREACHABLE_CODE = YES;
				CLANG_WARN__DUPLICATE_METHOD_MATCH = YES;
				CODE_SIGN_IDENTITY = "-";
				COPY_PHASE_STRIP = NO;
				DEBUG_INFORMATION_FORMAT = dwarf;
				ENABLE_STRICT_OBJC_MSGSEND = YES;
				ENABLE_TESTABILITY = YES;
				GCC_C_LANGUAGE_STANDARD = gnu99;
				GCC_DYNAMIC_NO_PIC = NO;
				GCC_NO_COMMON_BLOCKS = YES;
				GCC_OPTIMIZATION_LEVEL = 0;
				GCC_PREPROCESSOR_DEFINITIONS = (
					"DEBUG=1",
					"$(inherited)",
				);
				GCC_WARN_64_TO_32_BIT_CONVERSION = YES;
				GCC_WARN_ABOUT_RETURN_TYPE = YES_ERROR;
				GCC_WARN_UNDECLARED_SELECTOR = YES;
				GCC_WARN_UNINITIALIZED_AUTOS = YES_AGGRESSIVE;
				GCC_WARN_UNUSED_FUNCTION = YES;
				GCC_WARN_UNUSED_VARIABLE = YES;
				MACOSX_DEPLOYMENT_TARGET = 10.11;
				MTL_ENABLE_DEBUG_INFO = YES;
				ONLY_ACTIVE_ARCH = YES;
				SDKROOT = macosx;
				SWIFT_OPTIMIZATION_LEVEL = "-Onone";
			};
			name = Debug;
		};
		96093E7A1CBF914500184619 /* Release */ = {
			isa = XCBuildConfiguration;
			buildSettings = {
				ALWAYS_SEARCH_USER_PATHS = NO;
				CLANG_ANALYZER_NONNULL = YES;
				CLANG_CXX_LANGUAGE_STANDARD = "gnu++0x";
				CLANG_CXX_LIBRARY = "libc++";
				CLANG_ENABLE_MODULES = YES;
				CLANG_ENABLE_OBJC_ARC = YES;
				CLANG_WARN_BOOL_CONVERSION = YES;
				CLANG_WARN_CONSTANT_CONVERSION = YES;
				CLANG_WARN_DIRECT_OBJC_ISA_USAGE = YES_ERROR;
				CLANG_WARN_EMPTY_BODY = YES;
				CLANG_WARN_ENUM_CONVERSION = YES;
				CLANG_WARN_INT_CONVERSION = YES;
				CLANG_WARN_OBJC_ROOT_CLASS = YES_ERROR;
				CLANG_WARN_UNREACHABLE_CODE = YES;
				CLANG_WARN__DUPLICATE_METHOD_MATCH = YES;
				CODE_SIGN_IDENTITY = "-";
				COPY_PHASE_STRIP = NO;
				DEBUG_INFORMATION_FORMAT = "dwarf-with-dsym";
				ENABLE_NS_ASSERTIONS = NO;
				ENABLE_STRICT_OBJC_MSGSEND = YES;
				GCC_C_LANGUAGE_STANDARD = gnu99;
				GCC_NO_COMMON_BLOCKS = YES;
				GCC_WARN_64_TO_32_BIT_CONVERSION = YES;
				GCC_WARN_ABOUT_RETURN_TYPE = YES_ERROR;
				GCC_WARN_UNDECLARED_SELECTOR = YES;
				GCC_WARN_UNINITIALIZED_AUTOS = YES_AGGRESSIVE;
				GCC_WARN_UNUSED_FUNCTION = YES;
				GCC_WARN_UNUSED_VARIABLE = YES;
				MACOSX_DEPLOYMENT_TARGET = 10.11;
				MTL_ENABLE_DEBUG_INFO = NO;
				SDKROOT = macosx;
			};
			name = Release;
		};
		96093E7C1CBF914500184619 /* Debug */ = {
			isa = XCBuildConfiguration;
			buildSettings = {
				ASSETCATALOG_COMPILER_APPICON_NAME = AppIcon;
				COMBINE_HIDPI_IMAGES = YES;
				INFOPLIST_FILE = AutoLaunch/Info.plist;
				LD_RUNPATH_SEARCH_PATHS = "$(inherited) @executable_path/../Frameworks";
				PRODUCT_BUNDLE_IDENTIFIER = com.atjason.swift.cocoa.AutoLaunch;
				PRODUCT_NAME = "$(TARGET_NAME)";
			};
			name = Debug;
		};
		96093E7D1CBF914500184619 /* Release */ = {
			isa = XCBuildConfiguration;
			buildSettings = {
				ASSETCATALOG_COMPILER_APPICON_NAME = AppIcon;
				COMBINE_HIDPI_IMAGES = YES;
				INFOPLIST_FILE = AutoLaunch/Info.plist;
				LD_RUNPATH_SEARCH_PATHS = "$(inherited) @executable_path/../Frameworks";
				PRODUCT_BUNDLE_IDENTIFIER = com.atjason.swift.cocoa.AutoLaunch;
				PRODUCT_NAME = "$(TARGET_NAME)";
			};
			name = Release;
		};
		96093E951CBF92AB00184619 /* Debug */ = {
			isa = XCBuildConfiguration;
			buildSettings = {
				ASSETCATALOG_COMPILER_APPICON_NAME = AppIcon;
				COMBINE_HIDPI_IMAGES = YES;
				INFOPLIST_FILE = AutoLaunchHelper/Info.plist;
				LD_RUNPATH_SEARCH_PATHS = "$(inherited) @executable_path/../Frameworks";
				PRODUCT_BUNDLE_IDENTIFIER = com.atjason.swift.cocoa.AutoLaunchHelper;
				PRODUCT_NAME = "$(TARGET_NAME)";
				SKIP_INSTALL = YES;
			};
			name = Debug;
		};
		96093E961CBF92AB00184619 /* Release */ = {
			isa = XCBuildConfiguration;
			buildSettings = {
				ASSETCATALOG_COMPILER_APPICON_NAME = AppIcon;
				COMBINE_HIDPI_IMAGES = YES;
				INFOPLIST_FILE = AutoLaunchHelper/Info.plist;
				LD_RUNPATH_SEARCH_PATHS = "$(inherited) @executable_path/../Frameworks";
				PRODUCT_BUNDLE_IDENTIFIER = com.atjason.swift.cocoa.AutoLaunchHelper;
				PRODUCT_NAME = "$(TARGET_NAME)";
				SKIP_INSTALL = YES;
			};
			name = Release;
		};
/* End XCBuildConfiguration section */

/* Begin XCConfigurationList section */
		96093E691CBF914500184619 /* Build configuration list for PBXProject "AutoLaunch" */ = {
			isa = XCConfigurationList;
			buildConfigurations = (
				96093E791CBF914500184619 /* Debug */,
				96093E7A1CBF914500184619 /* Release */,
			);
			defaultConfigurationIsVisible = 0;
			defaultConfigurationName = Release;
		};
		96093E7B1CBF914500184619 /* Build configuration list for PBXNativeTarget "AutoLaunch" */ = {
			isa = XCConfigurationList;
			buildConfigurations = (
				96093E7C1CBF914500184619 /* Debug */,
				96093E7D1CBF914500184619 /* Release */,
			);
			defaultConfigurationIsVisible = 0;
		};
		96093E941CBF92AB00184619 /* Build configuration list for PBXNativeTarget "AutoLaunchHelper" */ = {
			isa = XCConfigurationList;
			buildConfigurations = (
				96093E951CBF92AB00184619 /* Debug */,
				96093E961CBF92AB00184619 /* Release */,
			);
			defaultConfigurationIsVisible = 0;
		};
/* End XCConfigurationList section */
	};
	rootObject = 96093E661CBF914500184619 /* Project object */;
}
